{
    "_readme": [
        "This file locks the dependencies of your project to a known state",
        "Read more about it at https://getcomposer.org/doc/01-basic-usage.md#composer-lock-the-lock-file",
        "This file is @generated automatically"
    ],
    "content-hash": "3bbcaffd4c46844ea60a826573801361",
    "packages": [
        {
            "name": "microsoft/tolerant-php-parser",
            "version": "v0.0.8",
            "source": {
                "type": "git",
                "url": "https://github.com/Microsoft/tolerant-php-parser.git",
                "reference": "10e901a6086826376c6256954dc8903ef0ec6c9e"
            },
            "dist": {
                "type": "zip",
                "url": "https://api.github.com/repos/Microsoft/tolerant-php-parser/zipball/10e901a6086826376c6256954dc8903ef0ec6c9e",
                "reference": "10e901a6086826376c6256954dc8903ef0ec6c9e",
                "shasum": ""
            },
            "require": {
                "php": ">=7.0"
            },
            "require-dev": {
                "phpunit/phpunit": "^6.4"
            },
            "type": "library",
            "autoload": {
                "psr-4": {
                    "Microsoft\\PhpParser\\": [
                        "src/"
                    ]
                }
            },
            "notification-url": "https://packagist.org/downloads/",
            "license": [
                "MIT"
            ],
            "authors": [
                {
                    "name": "Rob Lourens",
                    "email": "roblou@microsoft.com"
                }
            ],
            "description": "Tolerant PHP-to-AST parser designed for IDE usage scenarios",
            "time": "2017-11-17T17:06:43+00:00"
        },
        {
            "name": "wp-cli/php-cli-tools",
            "version": "v0.11.8",
            "source": {
                "type": "git",
                "url": "https://github.com/wp-cli/php-cli-tools.git",
                "reference": "363c75349f5dde561e0b416dd00f7aaa76fa2c27"
            },
            "dist": {
                "type": "zip",
                "url": "https://api.github.com/repos/wp-cli/php-cli-tools/zipball/363c75349f5dde561e0b416dd00f7aaa76fa2c27",
                "reference": "363c75349f5dde561e0b416dd00f7aaa76fa2c27",
                "shasum": ""
            },
            "require": {
                "php": ">= 5.3.0"
            },
            "type": "library",
            "autoload": {
                "psr-0": {
                    "cli": "lib/"
                },
                "files": [
                    "lib/cli/cli.php"
                ]
            },
            "notification-url": "https://packagist.org/downloads/",
            "license": [
                "MIT"
            ],
            "authors": [
                {
                    "name": "James Logsdon",
                    "email": "jlogsdon@php.net",
                    "role": "Developer"
                },
                {
                    "name": "Daniel Bachhuber",
                    "email": "daniel@handbuilt.co",
                    "role": "Maintainer"
                }
            ],
            "description": "Console utilities for PHP",
            "homepage": "http://github.com/wp-cli/php-cli-tools",
            "keywords": [
                "cli",
                "console"
            ],
            "time": "2017-10-12T21:50:48+00:00"
        }
    ],
    "packages-dev": [],
    "aliases": [],
    "minimum-stability": "stable",
    "stability-flags": [],
    "prefer-stable": false,
    "prefer-lowest": false,
    "platform": {
        "php": ">=7.0"
    },
    "platform-dev": []
}
